// !$*UTF8*$!
{
	archiveVersion = 1;
	classes = {
	};
	objectVersion = 56;
	objects = {

/* Begin PBXBuildFile section */
		356C6FBD2B5AD04700F4DC1E /* applockApp.swift in Sources */ = {isa = PBXBuildFile; fileRef = 356C6FBC2B5AD04700F4DC1E /* applockApp.swift */; };
		356C6FBF2B5AD04700F4DC1E /* ContentView.swift in Sources */ = {isa = PBXBuildFile; fileRef = 356C6FBE2B5AD04700F4DC1E /* ContentView.swift */; };
		356C6FC12B5AD04800F4DC1E /* Assets.xcassets in Resources */ = {isa = PBXBuildFile; fileRef = 356C6FC02B5AD04800F4DC1E /* Assets.xcassets */; };
		356C6FC42B5AD04800F4DC1E /* Preview Assets.xcassets in Resources */ = {isa = PBXBuildFile; fileRef = 356C6FC32B5AD04800F4DC1E /* Preview Assets.xcassets */; };
		356C6FCE2B5AD04800F4DC1E /* applockTests.swift in Sources */ = {isa = PBXBuildFile; fileRef = 356C6FCD2B5AD04800F4DC1E /* applockTests.swift */; };
		356C6FD82B5AD04800F4DC1E /* applockUITests.swift in Sources */ = {isa = PBXBuildFile; fileRef = 356C6FD72B5AD04800F4DC1E /* applockUITests.swift */; };
		356C6FDA2B5AD04800F4DC1E /* applockUITestsLaunchTests.swift in Sources */ = {isa = PBXBuildFile; fileRef = 356C6FD92B5AD04800F4DC1E /* applockUITestsLaunchTests.swift */; };
/* End PBXBuildFile section */

/* Begin PBXContainerItemProxy section */
		356C6FCA2B5AD04800F4DC1E /* PBXContainerItemProxy */ = {
			isa = PBXContainerItemProxy;
			containerPortal = 356C6FB12B5AD04700F4DC1E /* Project object */;
			proxyType = 1;
			remoteGlobalIDString = 356C6FB82B5AD04700F4DC1E;
			remoteInfo = applock;
		};
		356C6FD42B5AD04800F4DC1E /* PBXContainerItemProxy */ = {
			isa = PBXContainerItemProxy;
			containerPortal = 356C6FB12B5AD04700F4DC1E /* Project object */;
			proxyType = 1;
			remoteGlobalIDString = 356C6FB82B5AD04700F4DC1E;
			remoteInfo = applock;
		};
/* End PBXContainerItemProxy section */

/* Begin PBXFileReference section */
		3519A73B2B91E769004E5035 /* Info.plist */ = {isa = PBXFileReference; lastKnownFileType = text.plist; path = Info.plist; sourceTree = "<group>"; };
		356C6FB92B5AD04700F4DC1E /* applock.app */ = {isa = PBXFileReference; explicitFileType = wrapper.application; includeInIndex = 0; path = applock.app; sourceTree = BUILT_PRODUCTS_DIR; };
		356C6FBC2B5AD04700F4DC1E /* applockApp.swift */ = {isa = PBXFileReference; lastKnownFileType = sourcecode.swift; path = applockApp.swift; sourceTree = "<group>"; };
		356C6FBE2B5AD04700F4DC1E /* ContentView.swift */ = {isa = PBXFileReference; lastKnownFileType = sourcecode.swift; path = ContentView.swift; sourceTree = "<group>"; };
		356C6FC02B5AD04800F4DC1E /* Assets.xcassets */ = {isa = PBXFileReference; lastKnownFileType = folder.assetcatalog; path = Assets.xcassets; sourceTree = "<group>"; };
		356C6FC32B5AD04800F4DC1E /* Preview Assets.xcassets */ = {isa = PBXFileReference; lastKnownFileType = folder.assetcatalog; path = "Preview Assets.xcassets"; sourceTree = "<group>"; };
		356C6FC92B5AD04800F4DC1E /* applockTests.xctest */ = {isa = PBXFileReference; explicitFileType = wrapper.cfbundle; includeInIndex = 0; path = applockTests.xctest; sourceTree = BUILT_PRODUCTS_DIR; };
		356C6FCD2B5AD04800F4DC1E /* applockTests.swift */ = {isa = PBXFileReference; lastKnownFileType = sourcecode.swift; path = applockTests.swift; sourceTree = "<group>"; };
		356C6FD32B5AD04800F4DC1E /* applockUITests.xctest */ = {isa = PBXFileReference; explicitFileType = wrapper.cfbundle; includeInIndex = 0; path = applockUITests.xctest; sourceTree = BUILT_PRODUCTS_DIR; };
		356C6FD72B5AD04800F4DC1E /* applockUITests.swift */ = {isa = PBXFileReference; lastKnownFileType = sourcecode.swift; path = applockUITests.swift; sourceTree = "<group>"; };
		356C6FD92B5AD04800F4DC1E /* applockUITestsLaunchTests.swift */ = {isa = PBXFileReference; lastKnownFileType = sourcecode.swift; path = applockUITestsLaunchTests.swift; sourceTree = "<group>"; };
/* End PBXFileReference section */

/* Begin PBXFrameworksBuildPhase section */
		356C6FB62B5AD04700F4DC1E /* Frameworks */ = {
			isa = PBXFrameworksBuildPhase;
			buildActionMask = 2147483647;
			files = (
			);
			runOnlyForDeploymentPostprocessing = 0;
		};
		356C6FC62B5AD04800F4DC1E /* Frameworks */ = {
			isa = PBXFrameworksBuildPhase;
			buildActionMask = 2147483647;
			files = (
			);
			runOnlyForDeploymentPostprocessing = 0;
		};
		356C6FD02B5AD04800F4DC1E /* Frameworks */ = {
			isa = PBXFrameworksBuildPhase;
			buildActionMask = 2147483647;
			files = (
			);
			runOnlyForDeploymentPostprocessing = 0;
		};
/* End PBXFrameworksBuildPhase section */

/* Begin PBXGroup section */
		356C6FB02B5AD04700F4DC1E = {
			isa = PBXGroup;
			children = (
				356C6FBB2B5AD04700F4DC1E /* applock */,
				356C6FCC2B5AD04800F4DC1E /* applockTests */,
				356C6FD62B5AD04800F4DC1E /* applockUITests */,
				356C6FBA2B5AD04700F4DC1E /* Products */,
			);
			sourceTree = "<group>";
		};
		356C6FBA2B5AD04700F4DC1E /* Products */ = {
			isa = PBXGroup;
			children = (
				356C6FB92B5AD04700F4DC1E /* applock.app */,
				356C6FC92B5AD04800F4DC1E /* applockTests.xctest */,
				356C6FD32B5AD04800F4DC1E /* applockUITests.xctest */,
			);
			name = Products;
			sourceTree = "<group>";
		};
		356C6FBB2B5AD04700F4DC1E /* applock */ = {
			isa = PBXGroup;
			children = (
				3519A73B2B91E769004E5035 /* Info.plist */,
				356C6FBC2B5AD04700F4DC1E /* applockApp.swift */,
				356C6FBE2B5AD04700F4DC1E /* ContentView.swift */,
				356C6FC02B5AD04800F4DC1E /* Assets.xcassets */,
				356C6FC22B5AD04800F4DC1E /* Preview Content */,
			);
			path = applock;
			sourceTree = "<group>";
		};
		356C6FC22B5AD04800F4DC1E /* Preview Content */ = {
			isa = PBXGroup;
			children = (
				356C6FC32B5AD04800F4DC1E /* Preview Assets.xcassets */,
			);
			path = "Preview Content";
			sourceTree = "<group>";
		};
		356C6FCC2B5AD04800F4DC1E /* applockTests */ = {
			isa = PBXGroup;
			children = (
				356C6FCD2B5AD04800F4DC1E /* applockTests.swift */,
			);
			path = applockTests;
			sourceTree = "<group>";
		};
		356C6FD62B5AD04800F4DC1E /* applockUITests */ = {
			isa = PBXGroup;
			children = (
				356C6FD72B5AD04800F4DC1E /* applockUITests.swift */,
				356C6FD92B5AD04800F4DC1E /* applockUITestsLaunchTests.swift */,
			);
			path = applockUITests;
			sourceTree = "<group>";
		};
/* End PBXGroup section */

/* Begin PBXNativeTarget section */
		356C6FB82B5AD04700F4DC1E /* applock */ = {
			isa = PBXNativeTarget;
			buildConfigurationList = 356C6FDD2B5AD04800F4DC1E /* Build configuration list for PBXNativeTarget "applock" */;
			buildPhases = (
				356C6FB52B5AD04700F4DC1E /* Sources */,
				356C6FB62B5AD04700F4DC1E /* Frameworks */,
				356C6FB72B5AD04700F4DC1E /* Resources */,
			);
			buildRules = (
			);
			dependencies = (
			);
			name = applock;
			productName = applock;
			productReference = 356C6FB92B5AD04700F4DC1E /* applock.app */;
			productType = "com.apple.product-type.application";
		};
		356C6FC82B5AD04800F4DC1E /* applockTests */ = {
			isa = PBXNativeTarget;
			buildConfigurationList = 356C6FE02B5AD04800F4DC1E /* Build configuration list for PBXNativeTarget "applockTests" */;
			buildPhases = (
				356C6FC52B5AD04800F4DC1E /* Sources */,
				356C6FC62B5AD04800F4DC1E /* Frameworks */,
				356C6FC72B5AD04800F4DC1E /* Resources */,
			);
			buildRules = (
			);
			dependencies = (
				356C6FCB2B5AD04800F4DC1E /* PBXTargetDependency */,
			);
			name = applockTests;
			productName = applockTests;
			productReference = 356C6FC92B5AD04800F4DC1E /* applockTests.xctest */;
			productType = "com.apple.product-type.bundle.unit-test";
		};
		356C6FD22B5AD04800F4DC1E /* applockUITests */ = {
			isa = PBXNativeTarget;
			buildConfigurationList = 356C6FE32B5AD04800F4DC1E /* Build configuration list for PBXNativeTarget "applockUITests" */;
			buildPhases = (
				356C6FCF2B5AD04800F4DC1E /* Sources */,
				356C6FD02B5AD04800F4DC1E /* Frameworks */,
				356C6FD12B5AD04800F4DC1E /* Resources */,
			);
			buildRules = (
			);
			dependencies = (
				356C6FD52B5AD04800F4DC1E /* PBXTargetDependency */,
			);
			name = applockUITests;
			productName = applockUITests;
			productReference = 356C6FD32B5AD04800F4DC1E /* applockUITests.xctest */;
			productType = "com.apple.product-type.bundle.ui-testing";
		};
/* End PBXNativeTarget section */

/* Begin PBXProject section */
		356C6FB12B5AD04700F4DC1E /* Project object */ = {
			isa = PBXProject;
			attributes = {
				BuildIndependentTargetsInParallel = 1;
				LastSwiftUpdateCheck = 1520;
				LastUpgradeCheck = 1520;
				TargetAttributes = {
					356C6FB82B5AD04700F4DC1E = {
						CreatedOnToolsVersion = 15.2;
					};
					356C6FC82B5AD04800F4DC1E = {
						CreatedOnToolsVersion = 15.2;
						TestTargetID = 356C6FB82B5AD04700F4DC1E;
					};
					356C6FD22B5AD04800F4DC1E = {
						CreatedOnToolsVersion = 15.2;
						TestTargetID = 356C6FB82B5AD04700F4DC1E;
					};
				};
			};
			buildConfigurationList = 356C6FB42B5AD04700F4DC1E /* Build configuration list for PBXProject "applock" */;
			compatibilityVersion = "Xcode 14.0";
			developmentRegion = en;
			hasScannedForEncodings = 0;
			knownRegions = (
				en,
				Base,
			);
			mainGroup = 356C6FB02B5AD04700F4DC1E;
			productRefGroup = 356C6FBA2B5AD04700F4DC1E /* Products */;
			projectDirPath = "";
			projectRoot = "";
			targets = (
				356C6FB82B5AD04700F4DC1E /* applock */,
				356C6FC82B5AD04800F4DC1E /* applockTests */,
				356C6FD22B5AD04800F4DC1E /* applockUITests */,
			);
		};
/* End PBXProject section */

/* Begin PBXResourcesBuildPhase section */
		356C6FB72B5AD04700F4DC1E /* Resources */ = {
			isa = PBXResourcesBuildPhase;
			buildActionMask = 2147483647;
			files = (
				356C6FC42B5AD04800F4DC1E /* Preview Assets.xcassets in Resources */,
				356C6FC12B5AD04800F4DC1E /* Assets.xcassets in Resources */,
			);
			runOnlyForDeploymentPostprocessing = 0;
		};
		356C6FC72B5AD04800F4DC1E /* Resources */ = {
			isa = PBXResourcesBuildPhase;
			buildActionMask = 2147483647;
			files = (
			);
			runOnlyForDeploymentPostprocessing = 0;
		};
		356C6FD12B5AD04800F4DC1E /* Resources */ = {
			isa = PBXResourcesBuildPhase;
			buildActionMask = 2147483647;
			files = (
			);
			runOnlyForDeploymentPostprocessing = 0;
		};
/* End PBXResourcesBuildPhase section */

/* Begin PBXSourcesBuildPhase section */
		356C6FB52B5AD04700F4DC1E /* Sources */ = {
			isa = PBXSourcesBuildPhase;
			buildActionMask = 2147483647;
			files = (
				356C6FBF2B5AD04700F4DC1E /* ContentView.swift in Sources */,
				356C6FBD2B5AD04700F4DC1E /* applockApp.swift in Sources */,
			);
			runOnlyForDeploymentPostprocessing = 0;
		};
		356C6FC52B5AD04800F4DC1E /* Sources */ = {
			isa = PBXSourcesBuildPhase;
			buildActionMask = 2147483647;
			files = (
				356C6FCE2B5AD04800F4DC1E /* applockTests.swift in Sources */,
			);
			runOnlyForDeploymentPostprocessing = 0;
		};
		356C6FCF2B5AD04800F4DC1E /* Sources */ = {
			isa = PBXSourcesBuildPhase;
			buildActionMask = 2147483647;
			files = (
				356C6FD82B5AD04800F4DC1E /* applockUITests.swift in Sources */,
				356C6FDA2B5AD04800F4DC1E /* applockUITestsLaunchTests.swift in Sources */,
			);
			runOnlyForDeploymentPostprocessing = 0;
		};
/* End PBXSourcesBuildPhase section */

/* Begin PBXTargetDependency section */
		356C6FCB2B5AD04800F4DC1E /* PBXTargetDependency */ = {
			isa = PBXTargetDependency;
			target = 356C6FB82B5AD04700F4DC1E /* applock */;
			targetProxy = 356C6FCA2B5AD04800F4DC1E /* PBXContainerItemProxy */;
		};
		356C6FD52B5AD04800F4DC1E /* PBXTargetDependency */ = {
			isa = PBXTargetDependency;
			target = 356C6FB82B5AD04700F4DC1E /* applock */;
			targetProxy = 356C6FD42B5AD04800F4DC1E /* PBXContainerItemProxy */;
		};
/* End PBXTargetDependency section */

/* Begin XCBuildConfiguration section */
		356C6FDB2B5AD04800F4DC1E /* Debug */ = {
			isa = XCBuildConfiguration;
			buildSettings = {
				ALWAYS_SEARCH_USER_PATHS = NO;
				ASSETCATALOG_COMPILER_GENERATE_SWIFT_ASSET_SYMBOL_EXTENSIONS = YES;
				CLANG_ANALYZER_NONNULL = YES;
				CLANG_ANALYZER_NUMBER_OBJECT_CONVERSION = YES_AGGRESSIVE;
				CLANG_CXX_LANGUAGE_STANDARD = "gnu++20";
				CLANG_ENABLE_MODULES = YES;
				CLANG_ENABLE_OBJC_ARC = YES;
				CLANG_ENABLE_OBJC_WEAK = YES;
				CLANG_WARN_BLOCK_CAPTURE_AUTORELEASING = YES;
				CLANG_WARN_BOOL_CONVERSION = YES;
				CLANG_WARN_COMMA = YES;
				CLANG_WARN_CONSTANT_CONVERSION = YES;
				CLANG_WARN_DEPRECATED_OBJC_IMPLEMENTATIONS = YES;
				CLANG_WARN_DIRECT_OBJC_ISA_USAGE = YES_ERROR;
				CLANG_WARN_DOCUMENTATION_COMMENTS = YES;
				CLANG_WARN_EMPTY_BODY = YES;
				CLANG_WARN_ENUM_CONVERSION = YES;
				CLANG_WARN_INFINITE_RECURSION = YES;
				CLANG_WARN_INT_CONVERSION = YES;
				CLANG_WARN_NON_LITERAL_NULL_CONVERSION = YES;
				CLANG_WARN_OBJC_IMPLICIT_RETAIN_SELF = YES;
				CLANG_WARN_OBJC_LITERAL_CONVERSION = YES;
				CLANG_WARN_OBJC_ROOT_CLASS = YES_ERROR;
				CLANG_WARN_QUOTED_INCLUDE_IN_FRAMEWORK_HEADER = YES;
				CLANG_WARN_RANGE_LOOP_ANALYSIS = YES;
				CLANG_WARN_STRICT_PROTOTYPES = YES;
				CLANG_WARN_SUSPICIOUS_MOVE = YES;
				CLANG_WARN_UNGUARDED_AVAILABILITY = YES_AGGRESSIVE;
				CLANG_WARN_UNREACHABLE_CODE = YES;
				CLANG_WARN__DUPLICATE_METHOD_MATCH = YES;
				COPY_PHASE_STRIP = NO;
				DEBUG_INFORMATION_FORMAT = dwarf;
				ENABLE_STRICT_OBJC_MSGSEND = YES;
				ENABLE_TESTABILITY = YES;
				ENABLE_USER_SCRIPT_SANDBOXING = YES;
				GCC_C_LANGUAGE_STANDARD = gnu17;
				GCC_DYNAMIC_NO_PIC = NO;
				GCC_NO_COMMON_BLOCKS = YES;
				GCC_OPTIMIZATION_LEVEL = 0;
				GCC_PREPROCESSOR_DEFINITIONS = (
					"DEBUG=1",
					"$(inherited)",
				);
				GCC_WARN_64_TO_32_BIT_CONVERSION = YES;
				GCC_WARN_ABOUT_RETURN_TYPE = YES_ERROR;
				GCC_WARN_UNDECLARED_SELECTOR = YES;
				GCC_WARN_UNINITIALIZED_AUTOS = YES_AGGRESSIVE;
				GCC_WARN_UNUSED_FUNCTION = YES;
				GCC_WARN_UNUSED_VARIABLE = YES;
				IPHONEOS_DEPLOYMENT_TARGET = 17.2;
				LOCALIZATION_PREFERS_STRING_CATALOGS = YES;
				MTL_ENABLE_DEBUG_INFO = INCLUDE_SOURCE;
				MTL_FAST_MATH = YES;
				ONLY_ACTIVE_ARCH = YES;
				SDKROOT = iphoneos;
				SWIFT_ACTIVE_COMPILATION_CONDITIONS = "DEBUG $(inherited)";
				SWIFT_OPTIMIZATION_LEVEL = "-Onone";
			};
			name = Debug;
		};
		356C6FDC2B5AD04800F4DC1E /* Release */ = {
			isa = XCBuildConfiguration;
			buildSettings = {
				ALWAYS_SEARCH_USER_PATHS = NO;
				ASSETCATALOG_COMPILER_GENERATE_SWIFT_ASSET_SYMBOL_EXTENSIONS = YES;
				CLANG_ANALYZER_NONNULL = YES;
				CLANG_ANALYZER_NUMBER_OBJECT_CONVERSION = YES_AGGRESSIVE;
				CLANG_CXX_LANGUAGE_STANDARD = "gnu++20";
				CLANG_ENABLE_MODULES = YES;
				CLANG_ENABLE_OBJC_ARC = YES;
				CLANG_ENABLE_OBJC_WEAK = YES;
				CLANG_WARN_BLOCK_CAPTURE_AUTORELEASING = YES;
				CLANG_WARN_BOOL_CONVERSION = YES;
				CLANG_WARN_COMMA = YES;
				CLANG_WARN_CONSTANT_CONVERSION = YES;
				CLANG_WARN_DEPRECATED_OBJC_IMPLEMENTATIONS = YES;
				CLANG_WARN_DIRECT_OBJC_ISA_USAGE = YES_ERROR;
				CLANG_WARN_DOCUMENTATION_COMMENTS = YES;
				CLANG_WARN_EMPTY_BODY = YES;
				CLANG_WARN_ENUM_CONVERSION = YES;
				CLANG_WARN_INFINITE_RECURSION = YES;
				CLANG_WARN_INT_CONVERSION = YES;
				CLANG_WARN_NON_LITERAL_NULL_CONVERSION = YES;
				CLANG_WARN_OBJC_IMPLICIT_RETAIN_SELF = YES;
				CLANG_WARN_OBJC_LITERAL_CONVERSION = YES;
				CLANG_WARN_OBJC_ROOT_CLASS = YES_ERROR;
				CLANG_WARN_QUOTED_INCLUDE_IN_FRAMEWORK_HEADER = YES;
				CLANG_WARN_RANGE_LOOP_ANALYSIS = YES;
				CLANG_WARN_STRICT_PROTOTYPES = YES;
				CLANG_WARN_SUSPICIOUS_MOVE = YES;
				CLANG_WARN_UNGUARDED_AVAILABILITY = YES_AGGRESSIVE;
				CLANG_WARN_UNREACHABLE_CODE = YES;
				CLANG_WARN__DUPLICATE_METHOD_MATCH = YES;
				COPY_PHASE_STRIP = NO;
				DEBUG_INFORMATION_FORMAT = "dwarf-with-dsym";
				ENABLE_NS_ASSERTIONS = NO;
				ENABLE_STRICT_OBJC_MSGSEND = YES;
				ENABLE_USER_SCRIPT_SANDBOXING = YES;
				GCC_C_LANGUAGE_STANDARD = gnu17;
				GCC_NO_COMMON_BLOCKS = YES;
				GCC_WARN_64_TO_32_BIT_CONVERSION = YES;
				GCC_WARN_ABOUT_RETURN_TYPE = YES_ERROR;
				GCC_WARN_UNDECLARED_SELECTOR = YES;
				GCC_WARN_UNINITIALIZED_AUTOS = YES_AGGRESSIVE;
				GCC_WARN_UNUSED_FUNCTION = YES;
				GCC_WARN_UNUSED_VARIABLE = YES;
				IPHONEOS_DEPLOYMENT_TARGET = 17.2;
				LOCALIZATION_PREFERS_STRING_CATALOGS = YES;
				MTL_ENABLE_DEBUG_INFO = NO;
				MTL_FAST_MATH = YES;
				SDKROOT = iphoneos;
				SWIFT_COMPILATION_MODE = wholemodule;
				VALIDATE_PRODUCT = YES;
			};
			name = Release;
		};
		356C6FDE2B5AD04800F4DC1E /* Debug */ = {
			isa = XCBuildConfiguration;
			buildSettings = {
				ASSETCATALOG_COMPILER_APPICON_NAME = AppIcon;
				ASSETCATALOG_COMPILER_GLOBAL_ACCENT_COLOR_NAME = AccentColor;
				CODE_SIGN_STYLE = Automatic;
				CURRENT_PROJECT_VERSION = 1;
				DEVELOPMENT_ASSET_PATHS = "\"applock/Preview Content\"";
				DEVELOPMENT_TEAM = 92A76HX7S5;
				ENABLE_PREVIEWS = YES;
				GENERATE_INFOPLIST_FILE = YES;
				INFOPLIST_FILE = applock/Info.plist;
				INFOPLIST_KEY_UIApplicationSceneManifest_Generation = YES;
				INFOPLIST_KEY_UIApplicationSupportsIndirectInputEvents = YES;
				INFOPLIST_KEY_UILaunchScreen_Generation = YES;
				INFOPLIST_KEY_UISupportedInterfaceOrientations_iPad = "UIInterfaceOrientationPortrait UIInterfaceOrientationPortraitUpsideDown UIInterfaceOrientationLandscapeLeft UIInterfaceOrientationLandscapeRight";
				INFOPLIST_KEY_UISupportedInterfaceOrientations_iPhone = "UIInterfaceOrientationPortrait UIInterfaceOrientationLandscapeLeft UIInterfaceOrientationLandscapeRight";
				LD_RUNPATH_SEARCH_PATHS = (
					"$(inherited)",
					"@executable_path/Frameworks",
				);
				MARKETING_VERSION = 1.0;
				PRODUCT_BUNDLE_IDENTIFIER = com.lucifer.applock;
				PRODUCT_NAME = "$(TARGET_NAME)";
				SWIFT_EMIT_LOC_STRINGS = YES;
				SWIFT_VERSION = 5.0;
				TARGETED_DEVICE_FAMILY = "1,2";
			};
			name = Debug;
		};
		356C6FDF2B5AD04800F4DC1E /* Release */ = {
			isa = XCBuildConfiguration;
			buildSettings = {
				ASSETCATALOG_COMPILER_APPICON_NAME = AppIcon;
				ASSETCATALOG_COMPILER_GLOBAL_ACCENT_COLOR_NAME = AccentColor;
				CODE_SIGN_STYLE = Automatic;
				CURRENT_PROJECT_VERSION = 1;
				DEVELOPMENT_ASSET_PATHS = "\"applock/Preview Content\"";
				DEVELOPMENT_TEAM = 92A76HX7S5;
				ENABLE_PREVIEWS = YES;
				GENERATE_INFOPLIST_FILE = YES;
				INFOPLIST_FILE = applock/Info.plist;
				INFOPLIST_KEY_UIApplicationSceneManifest_Generation = YES;
				INFOPLIST_KEY_UIApplicationSupportsIndirectInputEvents = YES;
				INFOPLIST_KEY_UILaunchScreen_Generation = YES;
				INFOPLIST_KEY_UISupportedInterfaceOrientations_iPad = "UIInterfaceOrientationPortrait UIInterfaceOrientationPortraitUpsideDown UIInterfaceOrientationLandscapeLeft UIInterfaceOrientationLandscapeRight";
				INFOPLIST_KEY_UISupportedInterfaceOrientations_iPhone = "UIInterfaceOrientationPortrait UIInterfaceOrientationLandscapeLeft UIInterfaceOrientationLandscapeRight";
				LD_RUNPATH_SEARCH_PATHS = (
					"$(inherited)",
					"@executable_path/Frameworks",
				);
				MARKETING_VERSION = 1.0;
				PRODUCT_BUNDLE_IDENTIFIER = com.lucifer.applock;
				PRODUCT_NAME = "$(TARGET_NAME)";
				SWIFT_EMIT_LOC_STRINGS = YES;
				SWIFT_VERSION = 5.0;
				TARGETED_DEVICE_FAMILY = "1,2";
			};
			name = Release;
		};
		356C6FE12B5AD04800F4DC1E /* Debug */ = {
			isa = XCBuildConfiguration;
			buildSettings = {
				ALWAYS_EMBED_SWIFT_STANDARD_LIBRARIES = YES;
				BUNDLE_LOADER = "$(TEST_HOST)";
				CODE_SIGN_STYLE = Automatic;
				CURRENT_PROJECT_VERSION = 1;
				GENERATE_INFOPLIST_FILE = YES;
				IPHONEOS_DEPLOYMENT_TARGET = 17.2;
				MARKETING_VERSION = 1.0;
				PRODUCT_BUNDLE_IDENTIFIER = com.lucifer.applockTests;
				PRODUCT_NAME = "$(TARGET_NAME)";
				SWIFT_EMIT_LOC_STRINGS = NO;
				SWIFT_VERSION = 5.0;
				TARGETED_DEVICE_FAMILY = "1,2";
				TEST_HOST = "$(BUILT_PRODUCTS_DIR)/applock.app/$(BUNDLE_EXECUTABLE_FOLDER_PATH)/applock";
			};
			name = Debug;
		};
		356C6FE22B5AD04800F4DC1E /* Release */ = {
			isa = XCBuildConfiguration;
			buildSettings = {
				ALWAYS_EMBED_SWIFT_STANDARD_LIBRARIES = YES;
				BUNDLE_LOADER = "$(TEST_HOST)";
				CODE_SIGN_STYLE = Automatic;
				CURRENT_PROJECT_VERSION = 1;
				GENERATE_INFOPLIST_FILE = YES;
				IPHONEOS_DEPLOYMENT_TARGET = 17.2;
				MARKETING_VERSION = 1.0;
				PRODUCT_BUNDLE_IDENTIFIER = com.lucifer.applockTests;
				PRODUCT_NAME = "$(TARGET_NAME)";
				SWIFT_EMIT_LOC_STRINGS = NO;
				SWIFT_VERSION = 5.0;
				TARGETED_DEVICE_FAMILY = "1,2";
				TEST_HOST = "$(BUILT_PRODUCTS_DIR)/applock.app/$(BUNDLE_EXECUTABLE_FOLDER_PATH)/applock";
			};
			name = Release;
		};
		356C6FE42B5AD04800F4DC1E /* Debug */ = {
			isa = XCBuildConfiguration;
			buildSettings = {
				ALWAYS_EMBED_SWIFT_STANDARD_LIBRARIES = YES;
				CODE_SIGN_STYLE = Automatic;
				CURRENT_PROJECT_VERSION = 1;
				GENERATE_INFOPLIST_FILE = YES;
				MARKETING_VERSION = 1.0;
				PRODUCT_BUNDLE_IDENTIFIER = com.lucifer.applockUITests;
				PRODUCT_NAME = "$(TARGET_NAME)";
				SWIFT_EMIT_LOC_STRINGS = NO;
				SWIFT_VERSION = 5.0;
				TARGETED_DEVICE_FAMILY = "1,2";
				TEST_TARGET_NAME = applock;
			};
			name = Debug;
		};
		356C6FE52B5AD04800F4DC1E /* Release */ = {
			isa = XCBuildConfiguration;
			buildSettings = {
				ALWAYS_EMBED_SWIFT_STANDARD_LIBRARIES = YES;
				CODE_SIGN_STYLE = Automatic;
				CURRENT_PROJECT_VERSION = 1;
				GENERATE_INFOPLIST_FILE = YES;
				MARKETING_VERSION = 1.0;
				PRODUCT_BUNDLE_IDENTIFIER = com.lucifer.applockUITests;
				PRODUCT_NAME = "$(TARGET_NAME)";
				SWIFT_EMIT_LOC_STRINGS = NO;
				SWIFT_VERSION = 5.0;
				TARGETED_DEVICE_FAMILY = "1,2";
				TEST_TARGET_NAME = applock;
			};
			name = Release;
		};
/* End XCBuildConfiguration section */

/* Begin XCConfigurationList section */
		356C6FB42B5AD04700F4DC1E /* Build configuration list for PBXProject "applock" */ = {
			isa = XCConfigurationList;
			buildConfigurations = (
				356C6FDB2B5AD04800F4DC1E /* Debug */,
				356C6FDC2B5AD04800F4DC1E /* Release */,
			);
			defaultConfigurationIsVisible = 0;
			defaultConfigurationName = Release;
		};
		356C6FDD2B5AD04800F4DC1E /* Build configuration list for PBXNativeTarget "applock" */ = {
			isa = XCConfigurationList;
			buildConfigurations = (
				356C6FDE2B5AD04800F4DC1E /* Debug */,
				356C6FDF2B5AD04800F4DC1E /* Release */,
			);
			defaultConfigurationIsVisible = 0;
			defaultConfigurationName = Release;
		};
		356C6FE02B5AD04800F4DC1E /* Build configuration list for PBXNativeTarget "applockTests" */ = {
			isa = XCConfigurationList;
			buildConfigurations = (
				356C6FE12B5AD04800F4DC1E /* Debug */,
				356C6FE22B5AD04800F4DC1E /* Release */,
			);
			defaultConfigurationIsVisible = 0;
			defaultConfigurationName = Release;
		};
		356C6FE32B5AD04800F4DC1E /* Build configuration list for PBXNativeTarget "applockUITests" */ = {
			isa = XCConfigurationList;
			buildConfigurations = (
				356C6FE42B5AD04800F4DC1E /* Debug */,
				356C6FE52B5AD04800F4DC1E /* Release */,
			);
			defaultConfigurationIsVisible = 0;
			defaultConfigurationName = Release;
		};
/* End XCConfigurationList section */
	};
	rootObject = 356C6FB12B5AD04700F4DC1E /* Project object */;
}
